// !$*UTF8*$!
{
	archiveVersion = 1;
	classes = {
	};
	objectVersion = 56;
	objects = {

/* Begin PBXBuildFile section */
		8D5DF5A12B2AE8440052F176 /* ziparchveApp.swift in Sources */ = {isa = PBXBuildFile; fileRef = 8D5DF5A02B2AE8440052F176 /* ziparchveApp.swift */; };
		8D5DF5A32B2AE8440052F176 /* ContentView.swift in Sources */ = {isa = PBXBuildFile; fileRef = 8D5DF5A22B2AE8440052F176 /* ContentView.swift */; };
		8D5DF5A52B2AE8440052F176 /* Item.swift in Sources */ = {isa = PBXBuildFile; fileRef = 8D5DF5A42B2AE8440052F176 /* Item.swift */; };
		8D5DF5A72B2AE8460052F176 /* Assets.xcassets in Resources */ = {isa = PBXBuildFile; fileRef = 8D5DF5A62B2AE8460052F176 /* Assets.xcassets */; };
		8D5DF5AB2B2AE8460052F176 /* Preview Assets.xcassets in Resources */ = {isa = PBXBuildFile; fileRef = 8D5DF5AA2B2AE8460052F176 /* Preview Assets.xcassets */; };
		8D71A6282B2AF63800C26AE6 /* ZipArchive in Frameworks */ = {isa = PBXBuildFile; productRef = 8D71A6272B2AF63800C26AE6 /* ZipArchive */; };
/* End PBXBuildFile section */

/* Begin PBXFileReference section */
		8D5DF59D2B2AE8440052F176 /* ziparchve.app */ = {isa = PBXFileReference; explicitFileType = wrapper.application; includeInIndex = 0; path = ziparchve.app; sourceTree = BUILT_PRODUCTS_DIR; };
		8D5DF5A02B2AE8440052F176 /* ziparchveApp.swift */ = {isa = PBXFileReference; lastKnownFileType = sourcecode.swift; path = ziparchveApp.swift; sourceTree = "<group>"; };
		8D5DF5A22B2AE8440052F176 /* ContentView.swift */ = {isa = PBXFileReference; lastKnownFileType = sourcecode.swift; path = ContentView.swift; sourceTree = "<group>"; };
		8D5DF5A42B2AE8440052F176 /* Item.swift */ = {isa = PBXFileReference; lastKnownFileType = sourcecode.swift; path = Item.swift; sourceTree = "<group>"; };
		8D5DF5A62B2AE8460052F176 /* Assets.xcassets */ = {isa = PBXFileReference; lastKnownFileType = folder.assetcatalog; path = Assets.xcassets; sourceTree = "<group>"; };
		8D5DF5A82B2AE8460052F176 /* ziparchve.entitlements */ = {isa = PBXFileReference; lastKnownFileType = text.plist.entitlements; path = ziparchve.entitlements; sourceTree = "<group>"; };
		8D5DF5AA2B2AE8460052F176 /* Preview Assets.xcassets */ = {isa = PBXFileReference; lastKnownFileType = folder.assetcatalog; path = "Preview Assets.xcassets"; sourceTree = "<group>"; };
/* End PBXFileReference section */

/* Begin PBXFrameworksBuildPhase section */
		8D5DF59A2B2AE8440052F176 /* Frameworks */ = {
			isa = PBXFrameworksBuildPhase;
			buildActionMask = 2147483647;
			files = (
				8D71A6282B2AF63800C26AE6 /* ZipArchive in Frameworks */,
			);
			runOnlyForDeploymentPostprocessing = 0;
		};
/* End PBXFrameworksBuildPhase section */

/* Begin PBXGroup section */
		8D5DF5942B2AE8440052F176 = {
			isa = PBXGroup;
			children = (
				8D5DF59F2B2AE8440052F176 /* ziparchve */,
				8D5DF59E2B2AE8440052F176 /* Products */,
			);
			sourceTree = "<group>";
		};
		8D5DF59E2B2AE8440052F176 /* Products */ = {
			isa = PBXGroup;
			children = (
				8D5DF59D2B2AE8440052F176 /* ziparchve.app */,
			);
			name = Products;
			sourceTree = "<group>";
		};
		8D5DF59F2B2AE8440052F176 /* ziparchve */ = {
			isa = PBXGroup;
			children = (
				8D5DF5A02B2AE8440052F176 /* ziparchveApp.swift */,
				8D5DF5A22B2AE8440052F176 /* ContentView.swift */,
				8D5DF5A42B2AE8440052F176 /* Item.swift */,
				8D5DF5A62B2AE8460052F176 /* Assets.xcassets */,
				8D5DF5A82B2AE8460052F176 /* ziparchve.entitlements */,
				8D5DF5A92B2AE8460052F176 /* Preview Content */,
			);
			path = ziparchve;
			sourceTree = "<group>";
		};
		8D5DF5A92B2AE8460052F176 /* Preview Content */ = {
			isa = PBXGroup;
			children = (
				8D5DF5AA2B2AE8460052F176 /* Preview Assets.xcassets */,
			);
			path = "Preview Content";
			sourceTree = "<group>";
		};
/* End PBXGroup section */

/* Begin PBXNativeTarget section */
		8D5DF59C2B2AE8440052F176 /* ziparchve */ = {
			isa = PBXNativeTarget;
			buildConfigurationList = 8D5DF5AE2B2AE8460052F176 /* Build configuration list for PBXNativeTarget "ziparchve" */;
			buildPhases = (
				8D5DF5992B2AE8440052F176 /* Sources */,
				8D5DF59A2B2AE8440052F176 /* Frameworks */,
				8D5DF59B2B2AE8440052F176 /* Resources */,
			);
			buildRules = (
			);
			dependencies = (
			);
			name = ziparchve;
			packageProductDependencies = (
				8D71A6272B2AF63800C26AE6 /* ZipArchive */,
			);
			productName = ziparchve;
			productReference = 8D5DF59D2B2AE8440052F176 /* ziparchve.app */;
			productType = "com.apple.product-type.application";
		};
/* End PBXNativeTarget section */

/* Begin PBXProject section */
		8D5DF5952B2AE8440052F176 /* Project object */ = {
			isa = PBXProject;
			attributes = {
				BuildIndependentTargetsInParallel = 1;
				LastSwiftUpdateCheck = 1500;
				LastUpgradeCheck = 1500;
				TargetAttributes = {
					8D5DF59C2B2AE8440052F176 = {
						CreatedOnToolsVersion = 15.0;
					};
				};
			};
			buildConfigurationList = 8D5DF5982B2AE8440052F176 /* Build configuration list for PBXProject "ziparchve" */;
			compatibilityVersion = "Xcode 14.0";
			developmentRegion = en;
			hasScannedForEncodings = 0;
			knownRegions = (
				en,
				Base,
			);
			mainGroup = 8D5DF5942B2AE8440052F176;
			packageReferences = (
				8D71A6262B2AF63800C26AE6 /* XCRemoteSwiftPackageReference "ZipArchive" */,
			);
			productRefGroup = 8D5DF59E2B2AE8440052F176 /* Products */;
			projectDirPath = "";
			projectRoot = "";
			targets = (
				8D5DF59C2B2AE8440052F176 /* ziparchve */,
			);
		};
/* End PBXProject section */

/* Begin PBXResourcesBuildPhase section */
		8D5DF59B2B2AE8440052F176 /* Resources */ = {
			isa = PBXResourcesBuildPhase;
			buildActionMask = 2147483647;
			files = (
				8D5DF5AB2B2AE8460052F176 /* Preview Assets.xcassets in Resources */,
				8D5DF5A72B2AE8460052F176 /* Assets.xcassets in Resources */,
			);
			runOnlyForDeploymentPostprocessing = 0;
		};
/* End PBXResourcesBuildPhase section */

/* Begin PBXSourcesBuildPhase section */
		8D5DF5992B2AE8440052F176 /* Sources */ = {
			isa = PBXSourcesBuildPhase;
			buildActionMask = 2147483647;
			files = (
				8D5DF5A32B2AE8440052F176 /* ContentView.swift in Sources */,
				8D5DF5A52B2AE8440052F176 /* Item.swift in Sources */,
				8D5DF5A12B2AE8440052F176 /* ziparchveApp.swift in Sources */,
			);
			runOnlyForDeploymentPostprocessing = 0;
		};
/* End PBXSourcesBuildPhase section */

/* Begin XCBuildConfiguration section */
		8D5DF5AC2B2AE8460052F176 /* Debug */ = {
			isa = XCBuildConfiguration;
			buildSettings = {
				ALWAYS_SEARCH_USER_PATHS = NO;
				ASSETCATALOG_COMPILER_GENERATE_SWIFT_ASSET_SYMBOL_EXTENSIONS = YES;
				CLANG_ANALYZER_NONNULL = YES;
				CLANG_ANALYZER_NUMBER_OBJECT_CONVERSION = YES_AGGRESSIVE;
				CLANG_CXX_LANGUAGE_STANDARD = "gnu++20";
				CLANG_ENABLE_MODULES = YES;
				CLANG_ENABLE_OBJC_ARC = YES;
				CLANG_ENABLE_OBJC_WEAK = YES;
				CLANG_WARN_BLOCK_CAPTURE_AUTORELEASING = YES;
				CLANG_WARN_BOOL_CONVERSION = YES;
				CLANG_WARN_COMMA = YES;
				CLANG_WARN_CONSTANT_CONVERSION = YES;
				CLANG_WARN_DEPRECATED_OBJC_IMPLEMENTATIONS = YES;
				CLANG_WARN_DIRECT_OBJC_ISA_USAGE = YES_ERROR;
				CLANG_WARN_DOCUMENTATION_COMMENTS = YES;
				CLANG_WARN_EMPTY_BODY = YES;
				CLANG_WARN_ENUM_CONVERSION = YES;
				CLANG_WARN_INFINITE_RECURSION = YES;
				CLANG_WARN_INT_CONVERSION = YES;
				CLANG_WARN_NON_LITERAL_NULL_CONVERSION = YES;
				CLANG_WARN_OBJC_IMPLICIT_RETAIN_SELF = YES;
				CLANG_WARN_OBJC_LITERAL_CONVERSION = YES;
				CLANG_WARN_OBJC_ROOT_CLASS = YES_ERROR;
				CLANG_WARN_QUOTED_INCLUDE_IN_FRAMEWORK_HEADER = YES;
				CLANG_WARN_RANGE_LOOP_ANALYSIS = YES;
				CLANG_WARN_STRICT_PROTOTYPES = YES;
				CLANG_WARN_SUSPICIOUS_MOVE = YES;
				CLANG_WARN_UNGUARDED_AVAILABILITY = YES_AGGRESSIVE;
				CLANG_WARN_UNREACHABLE_CODE = YES;
				CLANG_WARN__DUPLICATE_METHOD_MATCH = YES;
				COPY_PHASE_STRIP = NO;
				DEBUG_INFORMATION_FORMAT = dwarf;
				ENABLE_STRICT_OBJC_MSGSEND = YES;
				ENABLE_TESTABILITY = YES;
				ENABLE_USER_SCRIPT_SANDBOXING = YES;
				GCC_C_LANGUAGE_STANDARD = gnu17;
				GCC_DYNAMIC_NO_PIC = NO;
				GCC_NO_COMMON_BLOCKS = YES;
				GCC_OPTIMIZATION_LEVEL = 0;
				GCC_PREPROCESSOR_DEFINITIONS = (
					"DEBUG=1",
					"$(inherited)",
				);
				GCC_WARN_64_TO_32_BIT_CONVERSION = YES;
				GCC_WARN_ABOUT_RETURN_TYPE = YES_ERROR;
				GCC_WARN_UNDECLARED_SELECTOR = YES;
				GCC_WARN_UNINITIALIZED_AUTOS = YES_AGGRESSIVE;
				GCC_WARN_UNUSED_FUNCTION = YES;
				GCC_WARN_UNUSED_VARIABLE = YES;
				LOCALIZATION_PREFERS_STRING_CATALOGS = YES;
				MTL_ENABLE_DEBUG_INFO = INCLUDE_SOURCE;
				MTL_FAST_MATH = YES;
				ONLY_ACTIVE_ARCH = YES;
				SWIFT_ACTIVE_COMPILATION_CONDITIONS = "DEBUG $(inherited)";
				SWIFT_OPTIMIZATION_LEVEL = "-Onone";
			};
			name = Debug;
		};
		8D5DF5AD2B2AE8460052F176 /* Release */ = {
			isa = XCBuildConfiguration;
			buildSettings = {
				ALWAYS_SEARCH_USER_PATHS = NO;
				ASSETCATALOG_COMPILER_GENERATE_SWIFT_ASSET_SYMBOL_EXTENSIONS = YES;
				CLANG_ANALYZER_NONNULL = YES;
				CLANG_ANALYZER_NUMBER_OBJECT_CONVERSION = YES_AGGRESSIVE;
				CLANG_CXX_LANGUAGE_STANDARD = "gnu++20";
				CLANG_ENABLE_MODULES = YES;
				CLANG_ENABLE_OBJC_ARC = YES;
				CLANG_ENABLE_OBJC_WEAK = YES;
				CLANG_WARN_BLOCK_CAPTURE_AUTORELEASING = YES;
				CLANG_WARN_BOOL_CONVERSION = YES;
				CLANG_WARN_COMMA = YES;
				CLANG_WARN_CONSTANT_CONVERSION = YES;
				CLANG_WARN_DEPRECATED_OBJC_IMPLEMENTATIONS = YES;
				CLANG_WARN_DIRECT_OBJC_ISA_USAGE = YES_ERROR;
				CLANG_WARN_DOCUMENTATION_COMMENTS = YES;
				CLANG_WARN_EMPTY_BODY = YES;
				CLANG_WARN_ENUM_CONVERSION = YES;
				CLANG_WARN_INFINITE_RECURSION = YES;
				CLANG_WARN_INT_CONVERSION = YES;
				CLANG_WARN_NON_LITERAL_NULL_CONVERSION = YES;
				CLANG_WARN_OBJC_IMPLICIT_RETAIN_SELF = YES;
				CLANG_WARN_OBJC_LITERAL_CONVERSION = YES;
				CLANG_WARN_OBJC_ROOT_CLASS = YES_ERROR;
				CLANG_WARN_QUOTED_INCLUDE_IN_FRAMEWORK_HEADER = YES;
				CLANG_WARN_RANGE_LOOP_ANALYSIS = YES;
				CLANG_WARN_STRICT_PROTOTYPES = YES;
				CLANG_WARN_SUSPICIOUS_MOVE = YES;
				CLANG_WARN_UNGUARDED_AVAILABILITY = YES_AGGRESSIVE;
				CLANG_WARN_UNREACHABLE_CODE = YES;
				CLANG_WARN__DUPLICATE_METHOD_MATCH = YES;
				COPY_PHASE_STRIP = NO;
				DEBUG_INFORMATION_FORMAT = "dwarf-with-dsym";
				ENABLE_NS_ASSERTIONS = NO;
				ENABLE_STRICT_OBJC_MSGSEND = YES;
				ENABLE_USER_SCRIPT_SANDBOXING = YES;
				GCC_C_LANGUAGE_STANDARD = gnu17;
				GCC_NO_COMMON_BLOCKS = YES;
				GCC_WARN_64_TO_32_BIT_CONVERSION = YES;
				GCC_WARN_ABOUT_RETURN_TYPE = YES_ERROR;
				GCC_WARN_UNDECLARED_SELECTOR = YES;
				GCC_WARN_UNINITIALIZED_AUTOS = YES_AGGRESSIVE;
				GCC_WARN_UNUSED_FUNCTION = YES;
				GCC_WARN_UNUSED_VARIABLE = YES;
				LOCALIZATION_PREFERS_STRING_CATALOGS = YES;
				MTL_ENABLE_DEBUG_INFO = NO;
				MTL_FAST_MATH = YES;
				SWIFT_COMPILATION_MODE = wholemodule;
			};
			name = Release;
		};
		8D5DF5AF2B2AE8460052F176 /* Debug */ = {
			isa = XCBuildConfiguration;
			buildSettings = {
				ASSETCATALOG_COMPILER_APPICON_NAME = AppIcon;
				ASSETCATALOG_COMPILER_GLOBAL_ACCENT_COLOR_NAME = AccentColor;
				CODE_SIGN_ENTITLEMENTS = ziparchve/ziparchve.entitlements;
				CODE_SIGN_STYLE = Automatic;
				CURRENT_PROJECT_VERSION = 1;
				DEVELOPMENT_ASSET_PATHS = "\"ziparchve/Preview Content\"";
				DEVELOPMENT_TEAM = H7A9H8676D;
				ENABLE_HARDENED_RUNTIME = YES;
				ENABLE_PREVIEWS = YES;
				GENERATE_INFOPLIST_FILE = YES;
				"INFOPLIST_KEY_UIApplicationSceneManifest_Generation[sdk=iphoneos*]" = YES;
				"INFOPLIST_KEY_UIApplicationSceneManifest_Generation[sdk=iphonesimulator*]" = YES;
				"INFOPLIST_KEY_UIApplicationSupportsIndirectInputEvents[sdk=iphoneos*]" = YES;
				"INFOPLIST_KEY_UIApplicationSupportsIndirectInputEvents[sdk=iphonesimulator*]" = YES;
				"INFOPLIST_KEY_UILaunchScreen_Generation[sdk=iphoneos*]" = YES;
				"INFOPLIST_KEY_UILaunchScreen_Generation[sdk=iphonesimulator*]" = YES;
				"INFOPLIST_KEY_UIStatusBarStyle[sdk=iphoneos*]" = UIStatusBarStyleDefault;
				"INFOPLIST_KEY_UIStatusBarStyle[sdk=iphonesimulator*]" = UIStatusBarStyleDefault;
				INFOPLIST_KEY_UISupportedInterfaceOrientations_iPad = "UIInterfaceOrientationPortrait UIInterfaceOrientationPortraitUpsideDown UIInterfaceOrientationLandscapeLeft UIInterfaceOrientationLandscapeRight";
				INFOPLIST_KEY_UISupportedInterfaceOrientations_iPhone = "UIInterfaceOrientationPortrait UIInterfaceOrientationLandscapeLeft UIInterfaceOrientationLandscapeRight";
				IPHONEOS_DEPLOYMENT_TARGET = 17.0;
				LD_RUNPATH_SEARCH_PATHS = "@executable_path/Frameworks";
				"LD_RUNPATH_SEARCH_PATHS[sdk=macosx*]" = "@executable_path/../Frameworks";
				MACOSX_DEPLOYMENT_TARGET = 14.0;
				MARKETING_VERSION = 1.0;
				PRODUCT_BUNDLE_IDENTIFIER = a.ziparchve;
				PRODUCT_NAME = "$(TARGET_NAME)";
				SDKROOT = auto;
				SUPPORTED_PLATFORMS = "iphoneos iphonesimulator macosx";
				SWIFT_EMIT_LOC_STRINGS = YES;
				SWIFT_VERSION = 5.0;
				TARGETED_DEVICE_FAMILY = "1,2";
			};
			name = Debug;
		};
		8D5DF5B02B2AE8460052F176 /* Release */ = {
			isa = XCBuildConfiguration;
			buildSettings = {
				ASSETCATALOG_COMPILER_APPICON_NAME = AppIcon;
				ASSETCATALOG_COMPILER_GLOBAL_ACCENT_COLOR_NAME = AccentColor;
				CODE_SIGN_ENTITLEMENTS = ziparchve/ziparchve.entitlements;
				CODE_SIGN_STYLE = Automatic;
				CURRENT_PROJECT_VERSION = 1;
				DEVELOPMENT_ASSET_PATHS = "\"ziparchve/Preview Content\"";
				DEVELOPMENT_TEAM = H7A9H8676D;
				ENABLE_HARDENED_RUNTIME = YES;
				ENABLE_PREVIEWS = YES;
				GENERATE_INFOPLIST_FILE = YES;
				"INFOPLIST_KEY_UIApplicationSceneManifest_Generation[sdk=iphoneos*]" = YES;
				"INFOPLIST_KEY_UIApplicationSceneManifest_Generation[sdk=iphonesimulator*]" = YES;
				"INFOPLIST_KEY_UIApplicationSupportsIndirectInputEvents[sdk=iphoneos*]" = YES;
				"INFOPLIST_KEY_UIApplicationSupportsIndirectInputEvents[sdk=iphonesimulator*]" = YES;
				"INFOPLIST_KEY_UILaunchScreen_Generation[sdk=iphoneos*]" = YES;
				"INFOPLIST_KEY_UILaunchScreen_Generation[sdk=iphonesimulator*]" = YES;
				"INFOPLIST_KEY_UIStatusBarStyle[sdk=iphoneos*]" = UIStatusBarStyleDefault;
				"INFOPLIST_KEY_UIStatusBarStyle[sdk=iphonesimulator*]" = UIStatusBarStyleDefault;
				INFOPLIST_KEY_UISupportedInterfaceOrientations_iPad = "UIInterfaceOrientationPortrait UIInterfaceOrientationPortraitUpsideDown UIInterfaceOrientationLandscapeLeft UIInterfaceOrientationLandscapeRight";
				INFOPLIST_KEY_UISupportedInterfaceOrientations_iPhone = "UIInterfaceOrientationPortrait UIInterfaceOrientationLandscapeLeft UIInterfaceOrientationLandscapeRight";
				IPHONEOS_DEPLOYMENT_TARGET = 17.0;
				LD_RUNPATH_SEARCH_PATHS = "@executable_path/Frameworks";
				"LD_RUNPATH_SEARCH_PATHS[sdk=macosx*]" = "@executable_path/../Frameworks";
				MACOSX_DEPLOYMENT_TARGET = 14.0;
				MARKETING_VERSION = 1.0;
				PRODUCT_BUNDLE_IDENTIFIER = a.ziparchve;
				PRODUCT_NAME = "$(TARGET_NAME)";
				SDKROOT = auto;
				SUPPORTED_PLATFORMS = "iphoneos iphonesimulator macosx";
				SWIFT_EMIT_LOC_STRINGS = YES;
				SWIFT_VERSION = 5.0;
				TARGETED_DEVICE_FAMILY = "1,2";
			};
			name = Release;
		};
/* End XCBuildConfiguration section */

/* Begin XCConfigurationList section */
		8D5DF5982B2AE8440052F176 /* Build configuration list for PBXProject "ziparchve" */ = {
			isa = XCConfigurationList;
			buildConfigurations = (
				8D5DF5AC2B2AE8460052F176 /* Debug */,
				8D5DF5AD2B2AE8460052F176 /* Release */,
			);
			defaultConfigurationIsVisible = 0;
			defaultConfigurationName = Release;
		};
		8D5DF5AE2B2AE8460052F176 /* Build configuration list for PBXNativeTarget "ziparchve" */ = {
			isa = XCConfigurationList;
			buildConfigurations = (
				8D5DF5AF2B2AE8460052F176 /* Debug */,
				8D5DF5B02B2AE8460052F176 /* Release */,
			);
			defaultConfigurationIsVisible = 0;
			defaultConfigurationName = Release;
		};
/* End XCConfigurationList section */

/* Begin XCRemoteSwiftPackageReference section */
		8D71A6262B2AF63800C26AE6 /* XCRemoteSwiftPackageReference "ZipArchive" */ = {
			isa = XCRemoteSwiftPackageReference;
			repositoryURL = "https://github.com/ZipArchive/ZipArchive";
			requirement = {
				kind = upToNextMajorVersion;
				minimumVersion = 2.5.5;
			};
		};
/* End XCRemoteSwiftPackageReference section */

/* Begin XCSwiftPackageProductDependency section */
		8D71A6272B2AF63800C26AE6 /* ZipArchive */ = {
			isa = XCSwiftPackageProductDependency;
			package = 8D71A6262B2AF63800C26AE6 /* XCRemoteSwiftPackageReference "ZipArchive" */;
			productName = ZipArchive;
		};
/* End XCSwiftPackageProductDependency section */
	};
	rootObject = 8D5DF5952B2AE8440052F176 /* Project object */;
}
